
Microsoft Visual Studio Solution File, Format Version 12.00
# Visual Studio Version 17
VisualStudioVersion = 17.14.36221.1
MinimumVisualStudioVersion = 10.0.40219.1
Project("{FAE04EC0-301F-11D3-BF4B-00C04F79EFBC}") = "CieReader", "CieReader.csproj", "{9A9A03C3-209B-4098-937C-76D7423501A4}"
EndProject
Project("{FAE04EC0-301F-11D3-BF4B-00C04F79EFBC}") = "DemoDatiCIE", "..\DemoDatiCIE\DemoDatiCIE.csproj", "{9842B011-384C-437E-92A8-456CAA52DC31}"
EndProject
Project("{2150E333-8FDC-42A3-9474-1A3956D46DE8}") = "Elementi di soluzione", "Elementi di soluzione", "{9DF70304-0A22-CE1E-AA12-D5904EE55694}"
	ProjectSection(SolutionItems) = preProject
		lettore-cie.png = lettore-cie.png
		LICENSE.txt = LICENSE.txt
		readme.md = readme.md
		screenshot-cie-reader.png = screenshot-cie-reader.png
	EndProjectSection
EndProject
Global
	GlobalSection(SolutionConfigurationPlatforms) = preSolution
		Debug|Any CPU = Debug|Any CPU
		Release|Any CPU = Release|Any CPU
	EndGlobalSection
	GlobalSection(ProjectConfigurationPlatforms) = postSolution
		{9A9A03C3-209B-4098-937C-76D7423501A4}.Debug|Any CPU.ActiveCfg = Debug|Any CPU
		{9A9A03C3-209B-4098-937C-76D7423501A4}.Debug|Any CPU.Build.0 = Debug|Any CPU
		{9A9A03C3-209B-4098-937C-76D7423501A4}.Release|Any CPU.ActiveCfg = Release|Any CPU
		{9A9A03C3-209B-4098-937C-76D7423501A4}.Release|Any CPU.Build.0 = Release|Any CPU
		{9842B011-384C-437E-92A8-456CAA52DC31}.Debug|Any CPU.ActiveCfg = Debug|Any CPU
		{9842B011-384C-437E-92A8-456CAA52DC31}.Debug|Any CPU.Build.0 = Debug|Any CPU
		{9842B011-384C-437E-92A8-456CAA52DC31}.Release|Any CPU.ActiveCfg = Release|Any CPU
		{9842B011-384C-437E-92A8-456CAA52DC31}.Release|Any CPU.Build.0 = Release|Any CPU
	EndGlobalSection
	GlobalSection(SolutionProperties) = preSolution
		HideSolutionNode = FALSE
	EndGlobalSection
	GlobalSection(ExtensibilityGlobals) = postSolution
		SolutionGuid = {DC86FC56-1901-4760-B101-D1825FB3344A}
	EndGlobalSection
EndGlobal
